
Microsoft Visual Studio Solution File, Format Version 12.00
# Visual Studio Version 17
VisualStudioVersion = 17.3.32901.215
MinimumVisualStudioVersion = 10.0.40219.1
Project("{8BC9CEB8-8B4A-11D0-8D11-00A0C91BC942}") = "Snake Game  v1.3", "Snake Game  v1.3\Snake Game  v1.3.vcxproj", "{3078EF09-C226-4A5E-B02A-2415DD9E5A8B}"
EndProject
Global
	GlobalSection(SolutionConfigurationPlatforms) = preSolution
		Debug|x64 = Debug|x64
		Debug|x86 = Debug|x86
		Release|x64 = Release|x64
		Release|x86 = Release|x86
	EndGlobalSection
	GlobalSection(ProjectConfigurationPlatforms) = postSolution
		{3078EF09-C226-4A5E-B02A-2415DD9E5A8B}.Debug|x64.ActiveCfg = Debug|x64
		{3078EF09-C226-4A5E-B02A-2415DD9E5A8B}.Debug|x64.Build.0 = Debug|x64
		{3078EF09-C226-4A5E-B02A-2415DD9E5A8B}.Debug|x86.ActiveCfg = Debug|Win32
		{3078EF09-C226-4A5E-B02A-2415DD9E5A8B}.Debug|x86.Build.0 = Debug|Win32
		{3078EF09-C226-4A5E-B02A-2415DD9E5A8B}.Release|x64.ActiveCfg = Release|x64
		{3078EF09-C226-4A5E-B02A-2415DD9E5A8B}.Release|x64.Build.0 = Release|x64
		{3078EF09-C226-4A5E-B02A-2415DD9E5A8B}.Release|x86.ActiveCfg = Release|Win32
		{3078EF09-C226-4A5E-B02A-2415DD9E5A8B}.Release|x86.Build.0 = Release|Win32
	EndGlobalSection
	GlobalSection(SolutionProperties) = preSolution
		HideSolutionNode = FALSE
	EndGlobalSection
	GlobalSection(ExtensibilityGlobals) = postSolution
		SolutionGuid = {310788FA-3786-47E4-8169-55328B117B51}
	EndGlobalSection
EndGlobal
